PODS:
  - PromisesObjC (1.0.2)
  - PromisesSwift (1.0.2):
    - PromisesObjC (= 1.0.2)

DEPENDENCIES:
  - PromisesSwift

SPEC CHECKSUMS:
  PromisesObjC: 5cb99f8b988db9461cd3025cab5cc17752873a5c
  PromisesSwift: a972cb5ca9780fb7f805e9c2d69e7efd417a0523

PODFILE CHECKSUM: d0de9d345a6c6f808358bb046d6018e24874ed56

COCOAPODS: 1.4.0
