PODS:
  - PromisesObjC (1.0.3)
  - PromisesSwift (1.0.3):
    - PromisesObjC (= 1.0.3)

DEPENDENCIES:
  - PromisesSwift

SPEC CHECKSUMS:
  PromisesObjC: 9b58f509a9dc23d9a3f01b6aeb2cb9416ade3d41
  PromisesSwift: fec7ae00af032da2ba3172c8a5468ad9bbf83160

PODFILE CHECKSUM: cd935301a7c4dc8100185a2faef399900b94ee97

COCOAPODS: 1.4.0
